
Microsoft Visual Studio Solution File, Format Version 12.00
# Visual Studio 15
VisualStudioVersion = 15.0.28307.572
MinimumVisualStudioVersion = 10.0.40219.1
Project("{FAE04EC0-301F-11D3-BF4B-00C04F79EFBC}") = "Trie", "Visited\Trie.csproj", "{D5E19F2D-7363-4D43-B960-67EAD67C7ED1}"
EndProject
Global
	GlobalSection(SolutionConfigurationPlatforms) = preSolution
		Debug|Any CPU = Debug|Any CPU
		Release|Any CPU = Release|Any CPU
	EndGlobalSection
	GlobalSection(ProjectConfigurationPlatforms) = postSolution
		{D5E19F2D-7363-4D43-B960-67EAD67C7ED1}.Debug|Any CPU.ActiveCfg = Debug|Any CPU
		{D5E19F2D-7363-4D43-B960-67EAD67C7ED1}.Debug|Any CPU.Build.0 = Debug|Any CPU
		{D5E19F2D-7363-4D43-B960-67EAD67C7ED1}.Release|Any CPU.ActiveCfg = Release|Any CPU
		{D5E19F2D-7363-4D43-B960-67EAD67C7ED1}.Release|Any CPU.Build.0 = Release|Any CPU
	EndGlobalSection
	GlobalSection(SolutionProperties) = preSolution
		HideSolutionNode = FALSE
	EndGlobalSection
	GlobalSection(ExtensibilityGlobals) = postSolution
		SolutionGuid = {4995BCAE-7FBC-4C5E-91E7-43E8C8B58CDD}
	EndGlobalSection
EndGlobal
